Microsoft Visual Studio Solution File, Format Version 12.00
# Visual Studio 15
VisualStudioVersion = 15.0.27130.2026
MinimumVisualStudioVersion = 10.0.40219.1
Project("{FAE04EC0-301F-11D3-BF4B-00C04F79EFBC}") = "CADBooster.First.Addin", "CADBooster.First.Addin\CADBooster.First.Addin.csproj", "{359F8A7F-3A40-4314-801C-F3D4480AD25C}"
EndProject
Project("{FAE04EC0-301F-11D3-BF4B-00C04F79EFBC}") = "CADBooster.First.Logging", "CADBooster.First.Logging\CADBooster.First.Logging.csproj", "{4B9C75B9-A16C-488A-83D1-509963A0D543}"
EndProject
Global
	GlobalSection(SolutionConfigurationPlatforms) = preSolution
		All|Any CPU = All|Any CPU
		Debug|Any CPU = Debug|Any CPU
		Release|Any CPU = Release|Any CPU
	EndGlobalSection
	GlobalSection(ProjectConfigurationPlatforms) = postSolution
		{359F8A7F-3A40-4314-801C-F3D4480AD25C}.All|Any CPU.ActiveCfg = Release|Any CPU
		{359F8A7F-3A40-4314-801C-F3D4480AD25C}.All|Any CPU.Build.0 = Release|Any CPU
		{359F8A7F-3A40-4314-801C-F3D4480AD25C}.Debug|Any CPU.ActiveCfg = Debug|Any CPU
		{359F8A7F-3A40-4314-801C-F3D4480AD25C}.Debug|Any CPU.Build.0 = Debug|Any CPU
		{359F8A7F-3A40-4314-801C-F3D4480AD25C}.Release|Any CPU.ActiveCfg = Release|Any CPU
		{359F8A7F-3A40-4314-801C-F3D4480AD25C}.Release|Any CPU.Build.0 = Release|Any CPU
		{BB538065-C68A-44BC-BA8C-C3BC4B3A09E9}.All|Any CPU.ActiveCfg = Release|Any CPU
		{BB538065-C68A-44BC-BA8C-C3BC4B3A09E9}.All|Any CPU.Build.0 = Release|Any CPU
		{BB538065-C68A-44BC-BA8C-C3BC4B3A09E9}.Debug|Any CPU.ActiveCfg = Debug|Any CPU
		{BB538065-C68A-44BC-BA8C-C3BC4B3A09E9}.Debug|Any CPU.Build.0 = Debug|Any CPU
		{BB538065-C68A-44BC-BA8C-C3BC4B3A09E9}.Release|Any CPU.ActiveCfg = Release|Any CPU
		{BB538065-C68A-44BC-BA8C-C3BC4B3A09E9}.Release|Any CPU.Build.0 = Release|Any CPU
		{9911D4D9-9CC1-4D1F-BCDF-B154CECF2F8E}.All|Any CPU.ActiveCfg = Release|Any CPU
		{9911D4D9-9CC1-4D1F-BCDF-B154CECF2F8E}.All|Any CPU.Build.0 = Release|Any CPU
		{9911D4D9-9CC1-4D1F-BCDF-B154CECF2F8E}.Debug|Any CPU.ActiveCfg = Debug|Any CPU
		{9911D4D9-9CC1-4D1F-BCDF-B154CECF2F8E}.Debug|Any CPU.Build.0 = Debug|Any CPU
		{9911D4D9-9CC1-4D1F-BCDF-B154CECF2F8E}.Release|Any CPU.ActiveCfg = Release|Any CPU
		{9911D4D9-9CC1-4D1F-BCDF-B154CECF2F8E}.Release|Any CPU.Build.0 = Release|Any CPU
		{9D8353AE-7A5E-4796-9772-E2699BB64E03}.All|Any CPU.ActiveCfg = Release|Any CPU
		{9D8353AE-7A5E-4796-9772-E2699BB64E03}.All|Any CPU.Build.0 = Release|Any CPU
		{9D8353AE-7A5E-4796-9772-E2699BB64E03}.Debug|Any CPU.ActiveCfg = Debug|Any CPU
		{9D8353AE-7A5E-4796-9772-E2699BB64E03}.Debug|Any CPU.Build.0 = Debug|Any CPU
		{9D8353AE-7A5E-4796-9772-E2699BB64E03}.Release|Any CPU.ActiveCfg = Release|Any CPU
		{9D8353AE-7A5E-4796-9772-E2699BB64E03}.Release|Any CPU.Build.0 = Release|Any CPU
		{B5E287CB-E032-42E5-B491-E5E913DC6D9C}.All|Any CPU.ActiveCfg = Release|Any CPU
		{B5E287CB-E032-42E5-B491-E5E913DC6D9C}.All|Any CPU.Build.0 = Release|Any CPU
		{B5E287CB-E032-42E5-B491-E5E913DC6D9C}.Debug|Any CPU.ActiveCfg = Debug|Any CPU
		{B5E287CB-E032-42E5-B491-E5E913DC6D9C}.Debug|Any CPU.Build.0 = Debug|Any CPU
		{B5E287CB-E032-42E5-B491-E5E913DC6D9C}.Release|Any CPU.ActiveCfg = Release|Any CPU
		{B5E287CB-E032-42E5-B491-E5E913DC6D9C}.Release|Any CPU.Build.0 = Release|Any CPU
		{9745E066-A2C5-4AAF-82DA-15FFE00AC584}.All|Any CPU.ActiveCfg = Release|Any CPU
		{9745E066-A2C5-4AAF-82DA-15FFE00AC584}.All|Any CPU.Build.0 = Release|Any CPU
		{9745E066-A2C5-4AAF-82DA-15FFE00AC584}.Debug|Any CPU.ActiveCfg = Debug|Any CPU
		{9745E066-A2C5-4AAF-82DA-15FFE00AC584}.Debug|Any CPU.Build.0 = Debug|Any CPU
		{9745E066-A2C5-4AAF-82DA-15FFE00AC584}.Release|Any CPU.ActiveCfg = Release|Any CPU
		{9745E066-A2C5-4AAF-82DA-15FFE00AC584}.Release|Any CPU.Build.0 = Release|Any CPU
		{113F6B6D-F1BA-421F-8CE2-8A7257EBDBF6}.All|Any CPU.ActiveCfg = Release|Any CPU
		{113F6B6D-F1BA-421F-8CE2-8A7257EBDBF6}.All|Any CPU.Build.0 = Release|Any CPU
		{113F6B6D-F1BA-421F-8CE2-8A7257EBDBF6}.Debug|Any CPU.ActiveCfg = Debug|Any CPU
		{113F6B6D-F1BA-421F-8CE2-8A7257EBDBF6}.Debug|Any CPU.Build.0 = Debug|Any CPU
		{113F6B6D-F1BA-421F-8CE2-8A7257EBDBF6}.Release|Any CPU.ActiveCfg = Release|Any CPU
		{113F6B6D-F1BA-421F-8CE2-8A7257EBDBF6}.Release|Any CPU.Build.0 = Release|Any CPU
		{613683DC-4B41-4FDD-B5A3-39A00A5743AE}.All|Any CPU.ActiveCfg = Release|Any CPU
		{613683DC-4B41-4FDD-B5A3-39A00A5743AE}.All|Any CPU.Build.0 = Release|Any CPU
		{613683DC-4B41-4FDD-B5A3-39A00A5743AE}.Debug|Any CPU.ActiveCfg = Debug|Any CPU
		{613683DC-4B41-4FDD-B5A3-39A00A5743AE}.Debug|Any CPU.Build.0 = Debug|Any CPU
		{613683DC-4B41-4FDD-B5A3-39A00A5743AE}.Release|Any CPU.ActiveCfg = Release|Any CPU
		{613683DC-4B41-4FDD-B5A3-39A00A5743AE}.Release|Any CPU.Build.0 = Release|Any CPU
		{55F28149-4774-49F0-8AD8-87CAA05CFE73}.All|Any CPU.ActiveCfg = Release|Any CPU
		{55F28149-4774-49F0-8AD8-87CAA05CFE73}.All|Any CPU.Build.0 = Release|Any CPU
		{55F28149-4774-49F0-8AD8-87CAA05CFE73}.Debug|Any CPU.ActiveCfg = Debug|Any CPU
		{55F28149-4774-49F0-8AD8-87CAA05CFE73}.Debug|Any CPU.Build.0 = Debug|Any CPU
		{55F28149-4774-49F0-8AD8-87CAA05CFE73}.Release|Any CPU.ActiveCfg = Release|Any CPU
		{55F28149-4774-49F0-8AD8-87CAA05CFE73}.Release|Any CPU.Build.0 = Release|Any CPU
		{4B9C75B9-A16C-488A-83D1-509963A0D543}.All|Any CPU.ActiveCfg = Release|Any CPU
		{4B9C75B9-A16C-488A-83D1-509963A0D543}.All|Any CPU.Build.0 = Release|Any CPU
		{4B9C75B9-A16C-488A-83D1-509963A0D543}.Debug|Any CPU.ActiveCfg = Debug|Any CPU
		{4B9C75B9-A16C-488A-83D1-509963A0D543}.Debug|Any CPU.Build.0 = Debug|Any CPU
		{4B9C75B9-A16C-488A-83D1-509963A0D543}.Release|Any CPU.ActiveCfg = Release|Any CPU
		{4B9C75B9-A16C-488A-83D1-509963A0D543}.Release|Any CPU.Build.0 = Release|Any CPU
		{28AAF4B6-A64D-43A0-B167-EA3365C92216}.All|Any CPU.ActiveCfg = Release|Any CPU
		{28AAF4B6-A64D-43A0-B167-EA3365C92216}.All|Any CPU.Build.0 = Release|Any CPU
		{28AAF4B6-A64D-43A0-B167-EA3365C92216}.Debug|Any CPU.ActiveCfg = Debug|Any CPU
		{28AAF4B6-A64D-43A0-B167-EA3365C92216}.Debug|Any CPU.Build.0 = Debug|Any CPU
		{28AAF4B6-A64D-43A0-B167-EA3365C92216}.Release|Any CPU.ActiveCfg = Release|Any CPU
		{28AAF4B6-A64D-43A0-B167-EA3365C92216}.Release|Any CPU.Build.0 = Release|Any CPU
	EndGlobalSection
	GlobalSection(SolutionProperties) = preSolution
		HideSolutionNode = FALSE
	EndGlobalSection
	GlobalSection(ExtensibilityGlobals) = postSolution
		SolutionGuid = {0A682C66-1E8D-42D9-964D-ABBF279B964A}
	EndGlobalSection
EndGlobal
